// !$*UTF8*$!
{
	archiveVersion = 1;
	classes = {
	};
	objectVersion = 55;
	objects = {

/* Begin PBXBuildFile section */
		4EDE3C7D86600328AEE5B60A /* Pods_WeatherApp.framework in Frameworks */ = {isa = PBXBuildFile; fileRef = 62F91E8F7819BF3E3AFDABA1 /* Pods_WeatherApp.framework */; };
		5B7129C428CC46B9003303DD /* AppDelegate.swift in Sources */ = {isa = PBXBuildFile; fileRef = 5B7129C328CC46B9003303DD /* AppDelegate.swift */; };
		5B7129CB28CC46B9003303DD /* Main.storyboard in Resources */ = {isa = PBXBuildFile; fileRef = 5B7129C928CC46B9003303DD /* Main.storyboard */; };
		5B7129CD28CC46BC003303DD /* Assets.xcassets in Resources */ = {isa = PBXBuildFile; fileRef = 5B7129CC28CC46BC003303DD /* Assets.xcassets */; };
		5B7129D028CC46BC003303DD /* LaunchScreen.storyboard in Resources */ = {isa = PBXBuildFile; fileRef = 5B7129CE28CC46BC003303DD /* LaunchScreen.storyboard */; };
		5B7129D828CC472B003303DD /* AppConstants.swift in Sources */ = {isa = PBXBuildFile; fileRef = 5B7129D728CC472B003303DD /* AppConstants.swift */; };
		5BA01F7628CC88F9006D698B /* LocalizationSystem.swift in Sources */ = {isa = PBXBuildFile; fileRef = 5BA01F7528CC88F9006D698B /* LocalizationSystem.swift */; };
		5BA01F7928CC8917006D698B /* Localizable.strings in Resources */ = {isa = PBXBuildFile; fileRef = 5BA01F7B28CC8917006D698B /* Localizable.strings */; };
		5BA01F8328CCB51D006D698B /* WeatherViewController.swift in Sources */ = {isa = PBXBuildFile; fileRef = 5BA01F8228CCB51D006D698B /* WeatherViewController.swift */; };
		5BA01F8528CCB5F4006D698B /* WeatherResponse.swift in Sources */ = {isa = PBXBuildFile; fileRef = 5BA01F8428CCB5F4006D698B /* WeatherResponse.swift */; };
		5BA01F8E28CCB94B006D698B /* ApiManager.swift in Sources */ = {isa = PBXBuildFile; fileRef = 5BA01F8D28CCB94B006D698B /* ApiManager.swift */; };
		5BA01F9728CCBC87006D698B /* WeatherViewModel.swift in Sources */ = {isa = PBXBuildFile; fileRef = 5BA01F9628CCBC87006D698B /* WeatherViewModel.swift */; };
		5BA01F9928CD1EB2006D698B /* ApiResponseStatus.swift in Sources */ = {isa = PBXBuildFile; fileRef = 5BA01F9828CD1EB2006D698B /* ApiResponseStatus.swift */; };
		5BA01F9C28CD2393006D698B /* BaseViewController.swift in Sources */ = {isa = PBXBuildFile; fileRef = 5BA01F9B28CD2393006D698B /* BaseViewController.swift */; };
		5BA01F9F28CD25B9006D698B /* AppStyles.swift in Sources */ = {isa = PBXBuildFile; fileRef = 5BA01F9E28CD25B9006D698B /* AppStyles.swift */; };
		5BE8CBE228CD9C5C004ED8E0 /* EmptyLocationTableViewCell.swift in Sources */ = {isa = PBXBuildFile; fileRef = 5BE8CBE028CD9C5C004ED8E0 /* EmptyLocationTableViewCell.swift */; };
		5BE8CBE328CD9C5C004ED8E0 /* EmptyLocationTableViewCell.xib in Resources */ = {isa = PBXBuildFile; fileRef = 5BE8CBE128CD9C5C004ED8E0 /* EmptyLocationTableViewCell.xib */; };
		5BE8CBE728CD9FBF004ED8E0 /* WeatherDetailsTableViewCell.swift in Sources */ = {isa = PBXBuildFile; fileRef = 5BE8CBE528CD9FBF004ED8E0 /* WeatherDetailsTableViewCell.swift */; };
		5BE8CBE828CD9FBF004ED8E0 /* WeatherDetailsTableViewCell.xib in Resources */ = {isa = PBXBuildFile; fileRef = 5BE8CBE628CD9FBF004ED8E0 /* WeatherDetailsTableViewCell.xib */; };
		5BE8CBEB28CDAAD7004ED8E0 /* UITableView+Extension.swift in Sources */ = {isa = PBXBuildFile; fileRef = 5BE8CBEA28CDAAD7004ED8E0 /* UITableView+Extension.swift */; };
		5BE8CBF228CDAFF9004ED8E0 /* Poppins-Light.ttf in Resources */ = {isa = PBXBuildFile; fileRef = 5BE8CBF028CDAFF9004ED8E0 /* Poppins-Light.ttf */; };
		5BE8CBF328CDAFF9004ED8E0 /* Poppins-Medium.ttf in Resources */ = {isa = PBXBuildFile; fileRef = 5BE8CBF128CDAFF9004ED8E0 /* Poppins-Medium.ttf */; };
		5BE8CBF528CDBC3C004ED8E0 /* CommonFunctions.swift in Sources */ = {isa = PBXBuildFile; fileRef = 5BE8CBF428CDBC3C004ED8E0 /* CommonFunctions.swift */; };
		5BE8CBF728CDC5AA004ED8E0 /* Connectivity.swift in Sources */ = {isa = PBXBuildFile; fileRef = 5BE8CBF628CDC5AA004ED8E0 /* Connectivity.swift */; };
		5BE8CBF928CDC905004ED8E0 /* BaseViewModel.swift in Sources */ = {isa = PBXBuildFile; fileRef = 5BE8CBF828CDC905004ED8E0 /* BaseViewModel.swift */; };
/* End PBXBuildFile section */

/* Begin PBXFileReference section */
		5B7129C028CC46B9003303DD /* WeatherApp.app */ = {isa = PBXFileReference; explicitFileType = wrapper.application; includeInIndex = 0; path = WeatherApp.app; sourceTree = BUILT_PRODUCTS_DIR; };
		5B7129C328CC46B9003303DD /* AppDelegate.swift */ = {isa = PBXFileReference; lastKnownFileType = sourcecode.swift; path = AppDelegate.swift; sourceTree = "<group>"; };
		5B7129CA28CC46B9003303DD /* Base */ = {isa = PBXFileReference; lastKnownFileType = file.storyboard; name = Base; path = Base.lproj/Main.storyboard; sourceTree = "<group>"; };
		5B7129CC28CC46BC003303DD /* Assets.xcassets */ = {isa = PBXFileReference; lastKnownFileType = folder.assetcatalog; path = Assets.xcassets; sourceTree = "<group>"; };
		5B7129CF28CC46BC003303DD /* Base */ = {isa = PBXFileReference; lastKnownFileType = file.storyboard; name = Base; path = Base.lproj/LaunchScreen.storyboard; sourceTree = "<group>"; };
		5B7129D128CC46BC003303DD /* Info.plist */ = {isa = PBXFileReference; lastKnownFileType = text.plist.xml; path = Info.plist; sourceTree = "<group>"; };
		5B7129D728CC472B003303DD /* AppConstants.swift */ = {isa = PBXFileReference; lastKnownFileType = sourcecode.swift; path = AppConstants.swift; sourceTree = "<group>"; };
		5BA01F7228CC889D006D698B /* hi */ = {isa = PBXFileReference; lastKnownFileType = text.plist.strings; name = hi; path = hi.lproj/Main.strings; sourceTree = "<group>"; };
		5BA01F7328CC889D006D698B /* hi */ = {isa = PBXFileReference; lastKnownFileType = text.plist.strings; name = hi; path = hi.lproj/LaunchScreen.strings; sourceTree = "<group>"; };
		5BA01F7528CC88F9006D698B /* LocalizationSystem.swift */ = {isa = PBXFileReference; lastKnownFileType = sourcecode.swift; path = LocalizationSystem.swift; sourceTree = "<group>"; };
		5BA01F7A28CC8917006D698B /* hi */ = {isa = PBXFileReference; lastKnownFileType = text.plist.strings; name = hi; path = hi.lproj/Localizable.strings; sourceTree = "<group>"; };
		5BA01F7C28CC8919006D698B /* en */ = {isa = PBXFileReference; lastKnownFileType = text.plist.strings; name = en; path = en.lproj/Localizable.strings; sourceTree = "<group>"; };
		5BA01F8228CCB51D006D698B /* WeatherViewController.swift */ = {isa = PBXFileReference; lastKnownFileType = sourcecode.swift; path = WeatherViewController.swift; sourceTree = "<group>"; };
		5BA01F8428CCB5F4006D698B /* WeatherResponse.swift */ = {isa = PBXFileReference; lastKnownFileType = sourcecode.swift; path = WeatherResponse.swift; sourceTree = "<group>"; };
		5BA01F8D28CCB94B006D698B /* ApiManager.swift */ = {isa = PBXFileReference; lastKnownFileType = sourcecode.swift; path = ApiManager.swift; sourceTree = "<group>"; };
		5BA01F9628CCBC87006D698B /* WeatherViewModel.swift */ = {isa = PBXFileReference; lastKnownFileType = sourcecode.swift; path = WeatherViewModel.swift; sourceTree = "<group>"; };
		5BA01F9828CD1EB2006D698B /* ApiResponseStatus.swift */ = {isa = PBXFileReference; lastKnownFileType = sourcecode.swift; path = ApiResponseStatus.swift; sourceTree = "<group>"; };
		5BA01F9B28CD2393006D698B /* BaseViewController.swift */ = {isa = PBXFileReference; lastKnownFileType = sourcecode.swift; path = BaseViewController.swift; sourceTree = "<group>"; };
		5BA01F9E28CD25B9006D698B /* AppStyles.swift */ = {isa = PBXFileReference; lastKnownFileType = sourcecode.swift; path = AppStyles.swift; sourceTree = "<group>"; };
		5BE8CBE028CD9C5C004ED8E0 /* EmptyLocationTableViewCell.swift */ = {isa = PBXFileReference; lastKnownFileType = sourcecode.swift; path = EmptyLocationTableViewCell.swift; sourceTree = "<group>"; };
		5BE8CBE128CD9C5C004ED8E0 /* EmptyLocationTableViewCell.xib */ = {isa = PBXFileReference; lastKnownFileType = file.xib; path = EmptyLocationTableViewCell.xib; sourceTree = "<group>"; };
		5BE8CBE528CD9FBF004ED8E0 /* WeatherDetailsTableViewCell.swift */ = {isa = PBXFileReference; lastKnownFileType = sourcecode.swift; path = WeatherDetailsTableViewCell.swift; sourceTree = "<group>"; };
		5BE8CBE628CD9FBF004ED8E0 /* WeatherDetailsTableViewCell.xib */ = {isa = PBXFileReference; lastKnownFileType = file.xib; path = WeatherDetailsTableViewCell.xib; sourceTree = "<group>"; };
		5BE8CBEA28CDAAD7004ED8E0 /* UITableView+Extension.swift */ = {isa = PBXFileReference; lastKnownFileType = sourcecode.swift; path = "UITableView+Extension.swift"; sourceTree = "<group>"; };
		5BE8CBF028CDAFF9004ED8E0 /* Poppins-Light.ttf */ = {isa = PBXFileReference; lastKnownFileType = file; path = "Poppins-Light.ttf"; sourceTree = "<group>"; };
		5BE8CBF128CDAFF9004ED8E0 /* Poppins-Medium.ttf */ = {isa = PBXFileReference; lastKnownFileType = file; path = "Poppins-Medium.ttf"; sourceTree = "<group>"; };
		5BE8CBF428CDBC3C004ED8E0 /* CommonFunctions.swift */ = {isa = PBXFileReference; lastKnownFileType = sourcecode.swift; path = CommonFunctions.swift; sourceTree = "<group>"; };
		5BE8CBF628CDC5AA004ED8E0 /* Connectivity.swift */ = {isa = PBXFileReference; lastKnownFileType = sourcecode.swift; path = Connectivity.swift; sourceTree = "<group>"; };
		5BE8CBF828CDC905004ED8E0 /* BaseViewModel.swift */ = {isa = PBXFileReference; lastKnownFileType = sourcecode.swift; path = BaseViewModel.swift; sourceTree = "<group>"; };
		61BAD22EFED5A029AD7C2122 /* Pods-WeatherApp.release.xcconfig */ = {isa = PBXFileReference; includeInIndex = 1; lastKnownFileType = text.xcconfig; name = "Pods-WeatherApp.release.xcconfig"; path = "Target Support Files/Pods-WeatherApp/Pods-WeatherApp.release.xcconfig"; sourceTree = "<group>"; };
		62F91E8F7819BF3E3AFDABA1 /* Pods_WeatherApp.framework */ = {isa = PBXFileReference; explicitFileType = wrapper.framework; includeInIndex = 0; path = Pods_WeatherApp.framework; sourceTree = BUILT_PRODUCTS_DIR; };
		B48BD7F31BED79BCA7265290 /* Pods-WeatherApp.debug.xcconfig */ = {isa = PBXFileReference; includeInIndex = 1; lastKnownFileType = text.xcconfig; name = "Pods-WeatherApp.debug.xcconfig"; path = "Target Support Files/Pods-WeatherApp/Pods-WeatherApp.debug.xcconfig"; sourceTree = "<group>"; };
/* End PBXFileReference section */

/* Begin PBXFrameworksBuildPhase section */
		5B7129BD28CC46B9003303DD /* Frameworks */ = {
			isa = PBXFrameworksBuildPhase;
			buildActionMask = 2147483647;
			files = (
				4EDE3C7D86600328AEE5B60A /* Pods_WeatherApp.framework in Frameworks */,
			);
			runOnlyForDeploymentPostprocessing = 0;
		};
/* End PBXFrameworksBuildPhase section */

/* Begin PBXGroup section */
		5B7129B728CC46B9003303DD = {
			isa = PBXGroup;
			children = (
				5B7129C228CC46B9003303DD /* WeatherApp */,
				5B7129C128CC46B9003303DD /* Products */,
				CC9284814B4A9E178AB41EC7 /* Pods */,
				CB123DD54A81A3E6B8F5BA89 /* Frameworks */,
			);
			sourceTree = "<group>";
		};
		5B7129C128CC46B9003303DD /* Products */ = {
			isa = PBXGroup;
			children = (
				5B7129C028CC46B9003303DD /* WeatherApp.app */,
			);
			name = Products;
			sourceTree = "<group>";
		};
		5B7129C228CC46B9003303DD /* WeatherApp */ = {
			isa = PBXGroup;
			children = (
				5BE8CBE928CDAABC004ED8E0 /* Extensions */,
				5BA01F9D28CD2596006D698B /* Common */,
				5BA01F7428CC88D1006D698B /* Localization */,
				5BA01F4328CC7F00006D698B /* Fonts */,
				5BA01F7F28CCB4E4006D698B /* Services */,
				5BA01F7E28CCB4D3006D698B /* ViewModels */,
				5BA01F9A28CD1FE3006D698B /* Views */,
				5BA01F8128CCB504006D698B /* ViewControllers */,
				5B7129C328CC46B9003303DD /* AppDelegate.swift */,
				5B7129CC28CC46BC003303DD /* Assets.xcassets */,
				5B7129D128CC46BC003303DD /* Info.plist */,
			);
			path = WeatherApp;
			sourceTree = "<group>";
		};
		5BA01F4328CC7F00006D698B /* Fonts */ = {
			isa = PBXGroup;
			children = (
				5BE8CBF028CDAFF9004ED8E0 /* Poppins-Light.ttf */,
				5BE8CBF128CDAFF9004ED8E0 /* Poppins-Medium.ttf */,
			);
			path = Fonts;
			sourceTree = "<group>";
		};
		5BA01F7428CC88D1006D698B /* Localization */ = {
			isa = PBXGroup;
			children = (
				5BA01F7528CC88F9006D698B /* LocalizationSystem.swift */,
				5BA01F7B28CC8917006D698B /* Localizable.strings */,
			);
			path = Localization;
			sourceTree = "<group>";
		};
		5BA01F7D28CCB4CC006D698B /* Models */ = {
			isa = PBXGroup;
			children = (
				5BA01F8428CCB5F4006D698B /* WeatherResponse.swift */,
			);
			path = Models;
			sourceTree = "<group>";
		};
		5BA01F7E28CCB4D3006D698B /* ViewModels */ = {
			isa = PBXGroup;
			children = (
				5BA01F9628CCBC87006D698B /* WeatherViewModel.swift */,
				5BE8CBF828CDC905004ED8E0 /* BaseViewModel.swift */,
			);
			path = ViewModels;
			sourceTree = "<group>";
		};
		5BA01F7F28CCB4E4006D698B /* Services */ = {
			isa = PBXGroup;
			children = (
				5BA01F7D28CCB4CC006D698B /* Models */,
				5BA01F8028CCB4ED006D698B /* Managers */,
			);
			path = Services;
			sourceTree = "<group>";
		};
		5BA01F8028CCB4ED006D698B /* Managers */ = {
			isa = PBXGroup;
			children = (
				5BE8CBF628CDC5AA004ED8E0 /* Connectivity.swift */,
				5BA01F8D28CCB94B006D698B /* ApiManager.swift */,
				5BA01F9828CD1EB2006D698B /* ApiResponseStatus.swift */,
			);
			path = Managers;
			sourceTree = "<group>";
		};
		5BA01F8128CCB504006D698B /* ViewControllers */ = {
			isa = PBXGroup;
			children = (
				5BA01F9B28CD2393006D698B /* BaseViewController.swift */,
				5BA01F8228CCB51D006D698B /* WeatherViewController.swift */,
			);
			path = ViewControllers;
			sourceTree = "<group>";
		};
		5BA01F9A28CD1FE3006D698B /* Views */ = {
			isa = PBXGroup;
			children = (
				5B7129C928CC46B9003303DD /* Main.storyboard */,
				5B7129CE28CC46BC003303DD /* LaunchScreen.storyboard */,
				5BE8CBE428CD9F84004ED8E0 /* Cells */,
			);
			path = Views;
			sourceTree = "<group>";
		};
		5BA01F9D28CD2596006D698B /* Common */ = {
			isa = PBXGroup;
			children = (
				5B7129D728CC472B003303DD /* AppConstants.swift */,
				5BA01F9E28CD25B9006D698B /* AppStyles.swift */,
				5BE8CBF428CDBC3C004ED8E0 /* CommonFunctions.swift */,
			);
			path = Common;
			sourceTree = "<group>";
		};
		5BE8CBE428CD9F84004ED8E0 /* Cells */ = {
			isa = PBXGroup;
			children = (
				5BE8CBE028CD9C5C004ED8E0 /* EmptyLocationTableViewCell.swift */,
				5BE8CBE128CD9C5C004ED8E0 /* EmptyLocationTableViewCell.xib */,
				5BE8CBE528CD9FBF004ED8E0 /* WeatherDetailsTableViewCell.swift */,
				5BE8CBE628CD9FBF004ED8E0 /* WeatherDetailsTableViewCell.xib */,
			);
			path = Cells;
			sourceTree = "<group>";
		};
		5BE8CBE928CDAABC004ED8E0 /* Extensions */ = {
			isa = PBXGroup;
			children = (
				5BE8CBEA28CDAAD7004ED8E0 /* UITableView+Extension.swift */,
			);
			path = Extensions;
			sourceTree = "<group>";
		};
		CB123DD54A81A3E6B8F5BA89 /* Frameworks */ = {
			isa = PBXGroup;
			children = (
				62F91E8F7819BF3E3AFDABA1 /* Pods_WeatherApp.framework */,
			);
			name = Frameworks;
			sourceTree = "<group>";
		};
		CC9284814B4A9E178AB41EC7 /* Pods */ = {
			isa = PBXGroup;
			children = (
				B48BD7F31BED79BCA7265290 /* Pods-WeatherApp.debug.xcconfig */,
				61BAD22EFED5A029AD7C2122 /* Pods-WeatherApp.release.xcconfig */,
			);
			path = Pods;
			sourceTree = "<group>";
		};
/* End PBXGroup section */

/* Begin PBXNativeTarget section */
		5B7129BF28CC46B9003303DD /* WeatherApp */ = {
			isa = PBXNativeTarget;
			buildConfigurationList = 5B7129D428CC46BC003303DD /* Build configuration list for PBXNativeTarget "WeatherApp" */;
			buildPhases = (
				86B67FC75509E08B8F2BE99A /* [CP] Check Pods Manifest.lock */,
				5B7129BC28CC46B9003303DD /* Sources */,
				5B7129BD28CC46B9003303DD /* Frameworks */,
				5B7129BE28CC46B9003303DD /* Resources */,
				62C1F58A9177318BC01E62CE /* [CP] Embed Pods Frameworks */,
			);
			buildRules = (
			);
			dependencies = (
			);
			name = WeatherApp;
			productName = WeatherApp;
			productReference = 5B7129C028CC46B9003303DD /* WeatherApp.app */;
			productType = "com.apple.product-type.application";
		};
/* End PBXNativeTarget section */

/* Begin PBXProject section */
		5B7129B828CC46B9003303DD /* Project object */ = {
			isa = PBXProject;
			attributes = {
				BuildIndependentTargetsInParallel = 1;
				LastSwiftUpdateCheck = 1340;
				LastUpgradeCheck = 1340;
				TargetAttributes = {
					5B7129BF28CC46B9003303DD = {
						CreatedOnToolsVersion = 13.4.1;
					};
				};
			};
			buildConfigurationList = 5B7129BB28CC46B9003303DD /* Build configuration list for PBXProject "WeatherApp" */;
			compatibilityVersion = "Xcode 13.0";
			developmentRegion = en;
			hasScannedForEncodings = 0;
			knownRegions = (
				en,
				Base,
				hi,
			);
			mainGroup = 5B7129B728CC46B9003303DD;
			productRefGroup = 5B7129C128CC46B9003303DD /* Products */;
			projectDirPath = "";
			projectRoot = "";
			targets = (
				5B7129BF28CC46B9003303DD /* WeatherApp */,
			);
		};
/* End PBXProject section */

/* Begin PBXResourcesBuildPhase section */
		5B7129BE28CC46B9003303DD /* Resources */ = {
			isa = PBXResourcesBuildPhase;
			buildActionMask = 2147483647;
			files = (
				5BE8CBF228CDAFF9004ED8E0 /* Poppins-Light.ttf in Resources */,
				5B7129D028CC46BC003303DD /* LaunchScreen.storyboard in Resources */,
				5BE8CBE828CD9FBF004ED8E0 /* WeatherDetailsTableViewCell.xib in Resources */,
				5BA01F7928CC8917006D698B /* Localizable.strings in Resources */,
				5BE8CBE328CD9C5C004ED8E0 /* EmptyLocationTableViewCell.xib in Resources */,
				5BE8CBF328CDAFF9004ED8E0 /* Poppins-Medium.ttf in Resources */,
				5B7129CD28CC46BC003303DD /* Assets.xcassets in Resources */,
				5B7129CB28CC46B9003303DD /* Main.storyboard in Resources */,
			);
			runOnlyForDeploymentPostprocessing = 0;
		};
/* End PBXResourcesBuildPhase section */

/* Begin PBXShellScriptBuildPhase section */
		62C1F58A9177318BC01E62CE /* [CP] Embed Pods Frameworks */ = {
			isa = PBXShellScriptBuildPhase;
			buildActionMask = 2147483647;
			files = (
			);
			inputFileListPaths = (
				"${PODS_ROOT}/Target Support Files/Pods-WeatherApp/Pods-WeatherApp-frameworks-${CONFIGURATION}-input-files.xcfilelist",
			);
			name = "[CP] Embed Pods Frameworks";
			outputFileListPaths = (
				"${PODS_ROOT}/Target Support Files/Pods-WeatherApp/Pods-WeatherApp-frameworks-${CONFIGURATION}-output-files.xcfilelist",
			);
			runOnlyForDeploymentPostprocessing = 0;
			shellPath = /bin/sh;
			shellScript = "\"${PODS_ROOT}/Target Support Files/Pods-WeatherApp/Pods-WeatherApp-frameworks.sh\"\n";
			showEnvVarsInLog = 0;
		};
		86B67FC75509E08B8F2BE99A /* [CP] Check Pods Manifest.lock */ = {
			isa = PBXShellScriptBuildPhase;
			buildActionMask = 2147483647;
			files = (
			);
			inputFileListPaths = (
			);
			inputPaths = (
				"${PODS_PODFILE_DIR_PATH}/Podfile.lock",
				"${PODS_ROOT}/Manifest.lock",
			);
			name = "[CP] Check Pods Manifest.lock";
			outputFileListPaths = (
			);
			outputPaths = (
				"$(DERIVED_FILE_DIR)/Pods-WeatherApp-checkManifestLockResult.txt",
			);
			runOnlyForDeploymentPostprocessing = 0;
			shellPath = /bin/sh;
			shellScript = "diff \"${PODS_PODFILE_DIR_PATH}/Podfile.lock\" \"${PODS_ROOT}/Manifest.lock\" > /dev/null\nif [ $? != 0 ] ; then\n    # print error to STDERR\n    echo \"error: The sandbox is not in sync with the Podfile.lock. Run 'pod install' or update your CocoaPods installation.\" >&2\n    exit 1\nfi\n# This output is used by Xcode 'outputs' to avoid re-running this script phase.\necho \"SUCCESS\" > \"${SCRIPT_OUTPUT_FILE_0}\"\n";
			showEnvVarsInLog = 0;
		};
/* End PBXShellScriptBuildPhase section */

/* Begin PBXSourcesBuildPhase section */
		5B7129BC28CC46B9003303DD /* Sources */ = {
			isa = PBXSourcesBuildPhase;
			buildActionMask = 2147483647;
			files = (
				5BA01F7628CC88F9006D698B /* LocalizationSystem.swift in Sources */,
				5BA01F9928CD1EB2006D698B /* ApiResponseStatus.swift in Sources */,
				5BE8CBF728CDC5AA004ED8E0 /* Connectivity.swift in Sources */,
				5BE8CBF528CDBC3C004ED8E0 /* CommonFunctions.swift in Sources */,
				5BA01F8528CCB5F4006D698B /* WeatherResponse.swift in Sources */,
				5BE8CBF928CDC905004ED8E0 /* BaseViewModel.swift in Sources */,
				5BA01F8328CCB51D006D698B /* WeatherViewController.swift in Sources */,
				5BA01F8E28CCB94B006D698B /* ApiManager.swift in Sources */,
				5BE8CBE228CD9C5C004ED8E0 /* EmptyLocationTableViewCell.swift in Sources */,
				5BA01F9C28CD2393006D698B /* BaseViewController.swift in Sources */,
				5BA01F9728CCBC87006D698B /* WeatherViewModel.swift in Sources */,
				5BA01F9F28CD25B9006D698B /* AppStyles.swift in Sources */,
				5B7129C428CC46B9003303DD /* AppDelegate.swift in Sources */,
				5B7129D828CC472B003303DD /* AppConstants.swift in Sources */,
				5BE8CBE728CD9FBF004ED8E0 /* WeatherDetailsTableViewCell.swift in Sources */,
				5BE8CBEB28CDAAD7004ED8E0 /* UITableView+Extension.swift in Sources */,
			);
			runOnlyForDeploymentPostprocessing = 0;
		};
/* End PBXSourcesBuildPhase section */

/* Begin PBXVariantGroup section */
		5B7129C928CC46B9003303DD /* Main.storyboard */ = {
			isa = PBXVariantGroup;
			children = (
				5B7129CA28CC46B9003303DD /* Base */,
				5BA01F7228CC889D006D698B /* hi */,
			);
			name = Main.storyboard;
			sourceTree = "<group>";
		};
		5B7129CE28CC46BC003303DD /* LaunchScreen.storyboard */ = {
			isa = PBXVariantGroup;
			children = (
				5B7129CF28CC46BC003303DD /* Base */,
				5BA01F7328CC889D006D698B /* hi */,
			);
			name = LaunchScreen.storyboard;
			sourceTree = "<group>";
		};
		5BA01F7B28CC8917006D698B /* Localizable.strings */ = {
			isa = PBXVariantGroup;
			children = (
				5BA01F7A28CC8917006D698B /* hi */,
				5BA01F7C28CC8919006D698B /* en */,
			);
			name = Localizable.strings;
			sourceTree = "<group>";
		};
/* End PBXVariantGroup section */

/* Begin XCBuildConfiguration section */
		5B7129D228CC46BC003303DD /* Debug */ = {
			isa = XCBuildConfiguration;
			buildSettings = {
				ALWAYS_SEARCH_USER_PATHS = NO;
				CLANG_ANALYZER_LOCALIZABILITY_NONLOCALIZED = YES;
				CLANG_ANALYZER_NONNULL = YES;
				CLANG_ANALYZER_NUMBER_OBJECT_CONVERSION = YES_AGGRESSIVE;
				CLANG_CXX_LANGUAGE_STANDARD = "gnu++17";
				CLANG_ENABLE_MODULES = YES;
				CLANG_ENABLE_OBJC_ARC = YES;
				CLANG_ENABLE_OBJC_WEAK = YES;
				CLANG_WARN_BLOCK_CAPTURE_AUTORELEASING = YES;
				CLANG_WARN_BOOL_CONVERSION = YES;
				CLANG_WARN_COMMA = YES;
				CLANG_WARN_CONSTANT_CONVERSION = YES;
				CLANG_WARN_DEPRECATED_OBJC_IMPLEMENTATIONS = YES;
				CLANG_WARN_DIRECT_OBJC_ISA_USAGE = YES_ERROR;
				CLANG_WARN_DOCUMENTATION_COMMENTS = YES;
				CLANG_WARN_EMPTY_BODY = YES;
				CLANG_WARN_ENUM_CONVERSION = YES;
				CLANG_WARN_INFINITE_RECURSION = YES;
				CLANG_WARN_INT_CONVERSION = YES;
				CLANG_WARN_NON_LITERAL_NULL_CONVERSION = YES;
				CLANG_WARN_OBJC_IMPLICIT_RETAIN_SELF = YES;
				CLANG_WARN_OBJC_LITERAL_CONVERSION = YES;
				CLANG_WARN_OBJC_ROOT_CLASS = YES_ERROR;
				CLANG_WARN_QUOTED_INCLUDE_IN_FRAMEWORK_HEADER = YES;
				CLANG_WARN_RANGE_LOOP_ANALYSIS = YES;
				CLANG_WARN_STRICT_PROTOTYPES = YES;
				CLANG_WARN_SUSPICIOUS_MOVE = YES;
				CLANG_WARN_UNGUARDED_AVAILABILITY = YES_AGGRESSIVE;
				CLANG_WARN_UNREACHABLE_CODE = YES;
				CLANG_WARN__DUPLICATE_METHOD_MATCH = YES;
				COPY_PHASE_STRIP = NO;
				DEBUG_INFORMATION_FORMAT = dwarf;
				ENABLE_STRICT_OBJC_MSGSEND = YES;
				ENABLE_TESTABILITY = YES;
				GCC_C_LANGUAGE_STANDARD = gnu11;
				GCC_DYNAMIC_NO_PIC = NO;
				GCC_NO_COMMON_BLOCKS = YES;
				GCC_OPTIMIZATION_LEVEL = 0;
				GCC_PREPROCESSOR_DEFINITIONS = (
					"DEBUG=1",
					"$(inherited)",
				);
				GCC_WARN_64_TO_32_BIT_CONVERSION = YES;
				GCC_WARN_ABOUT_RETURN_TYPE = YES_ERROR;
				GCC_WARN_UNDECLARED_SELECTOR = YES;
				GCC_WARN_UNINITIALIZED_AUTOS = YES_AGGRESSIVE;
				GCC_WARN_UNUSED_FUNCTION = YES;
				GCC_WARN_UNUSED_VARIABLE = YES;
				IPHONEOS_DEPLOYMENT_TARGET = 13.0;
				MTL_ENABLE_DEBUG_INFO = INCLUDE_SOURCE;
				MTL_FAST_MATH = YES;
				ONLY_ACTIVE_ARCH = YES;
				SDKROOT = iphoneos;
				SWIFT_ACTIVE_COMPILATION_CONDITIONS = DEBUG;
				SWIFT_OPTIMIZATION_LEVEL = "-Onone";
			};
			name = Debug;
		};
		5B7129D328CC46BC003303DD /* Release */ = {
			isa = XCBuildConfiguration;
			buildSettings = {
				ALWAYS_SEARCH_USER_PATHS = NO;
				CLANG_ANALYZER_LOCALIZABILITY_NONLOCALIZED = YES;
				CLANG_ANALYZER_NONNULL = YES;
				CLANG_ANALYZER_NUMBER_OBJECT_CONVERSION = YES_AGGRESSIVE;
				CLANG_CXX_LANGUAGE_STANDARD = "gnu++17";
				CLANG_ENABLE_MODULES = YES;
				CLANG_ENABLE_OBJC_ARC = YES;
				CLANG_ENABLE_OBJC_WEAK = YES;
				CLANG_WARN_BLOCK_CAPTURE_AUTORELEASING = YES;
				CLANG_WARN_BOOL_CONVERSION = YES;
				CLANG_WARN_COMMA = YES;
				CLANG_WARN_CONSTANT_CONVERSION = YES;
				CLANG_WARN_DEPRECATED_OBJC_IMPLEMENTATIONS = YES;
				CLANG_WARN_DIRECT_OBJC_ISA_USAGE = YES_ERROR;
				CLANG_WARN_DOCUMENTATION_COMMENTS = YES;
				CLANG_WARN_EMPTY_BODY = YES;
				CLANG_WARN_ENUM_CONVERSION = YES;
				CLANG_WARN_INFINITE_RECURSION = YES;
				CLANG_WARN_INT_CONVERSION = YES;
				CLANG_WARN_NON_LITERAL_NULL_CONVERSION = YES;
				CLANG_WARN_OBJC_IMPLICIT_RETAIN_SELF = YES;
				CLANG_WARN_OBJC_LITERAL_CONVERSION = YES;
				CLANG_WARN_OBJC_ROOT_CLASS = YES_ERROR;
				CLANG_WARN_QUOTED_INCLUDE_IN_FRAMEWORK_HEADER = YES;
				CLANG_WARN_RANGE_LOOP_ANALYSIS = YES;
				CLANG_WARN_STRICT_PROTOTYPES = YES;
				CLANG_WARN_SUSPICIOUS_MOVE = YES;
				CLANG_WARN_UNGUARDED_AVAILABILITY = YES_AGGRESSIVE;
				CLANG_WARN_UNREACHABLE_CODE = YES;
				CLANG_WARN__DUPLICATE_METHOD_MATCH = YES;
				COPY_PHASE_STRIP = NO;
				DEBUG_INFORMATION_FORMAT = "dwarf-with-dsym";
				ENABLE_NS_ASSERTIONS = NO;
				ENABLE_STRICT_OBJC_MSGSEND = YES;
				GCC_C_LANGUAGE_STANDARD = gnu11;
				GCC_NO_COMMON_BLOCKS = YES;
				GCC_WARN_64_TO_32_BIT_CONVERSION = YES;
				GCC_WARN_ABOUT_RETURN_TYPE = YES_ERROR;
				GCC_WARN_UNDECLARED_SELECTOR = YES;
				GCC_WARN_UNINITIALIZED_AUTOS = YES_AGGRESSIVE;
				GCC_WARN_UNUSED_FUNCTION = YES;
				GCC_WARN_UNUSED_VARIABLE = YES;
				IPHONEOS_DEPLOYMENT_TARGET = 13.0;
				MTL_ENABLE_DEBUG_INFO = NO;
				MTL_FAST_MATH = YES;
				SDKROOT = iphoneos;
				SWIFT_COMPILATION_MODE = wholemodule;
				SWIFT_OPTIMIZATION_LEVEL = "-O";
				VALIDATE_PRODUCT = YES;
			};
			name = Release;
		};
		5B7129D528CC46BC003303DD /* Debug */ = {
			isa = XCBuildConfiguration;
			baseConfigurationReference = B48BD7F31BED79BCA7265290 /* Pods-WeatherApp.debug.xcconfig */;
			buildSettings = {
				ASSETCATALOG_COMPILER_APPICON_NAME = AppIcon;
				ASSETCATALOG_COMPILER_GLOBAL_ACCENT_COLOR_NAME = AccentColor;
				CODE_SIGN_STYLE = Automatic;
				CURRENT_PROJECT_VERSION = 1;
				DEVELOPMENT_TEAM = 3QNK6Q944R;
				GENERATE_INFOPLIST_FILE = YES;
				INFOPLIST_FILE = WeatherApp/Info.plist;
				INFOPLIST_KEY_CFBundleDisplayName = Weather;
				INFOPLIST_KEY_NSLocationAlwaysAndWhenInUseUsageDescription = "We'll use this to fetch the weather information.";
				INFOPLIST_KEY_NSLocationAlwaysUsageDescription = "We'll use this to fetch the weather information.";
				INFOPLIST_KEY_NSLocationUsageDescription = "We'll use this to fetch the weather information.";
				INFOPLIST_KEY_NSLocationWhenInUseUsageDescription = "We'll use this to fetch the weather information.";
				INFOPLIST_KEY_UIApplicationSupportsIndirectInputEvents = YES;
				INFOPLIST_KEY_UILaunchStoryboardName = LaunchScreen;
				INFOPLIST_KEY_UIMainStoryboardFile = Main;
				INFOPLIST_KEY_UISupportedInterfaceOrientations_iPad = "UIInterfaceOrientationPortrait UIInterfaceOrientationPortraitUpsideDown UIInterfaceOrientationLandscapeLeft UIInterfaceOrientationLandscapeRight";
				INFOPLIST_KEY_UISupportedInterfaceOrientations_iPhone = "UIInterfaceOrientationPortrait UIInterfaceOrientationLandscapeLeft UIInterfaceOrientationLandscapeRight";
				IPHONEOS_DEPLOYMENT_TARGET = 13.0;
				LD_RUNPATH_SEARCH_PATHS = (
					"$(inherited)",
					"@executable_path/Frameworks",
				);
				MARKETING_VERSION = 1.0;
				PRODUCT_BUNDLE_IDENTIFIER = com.kingk2.WeatherApp;
				PRODUCT_NAME = "$(TARGET_NAME)";
				SWIFT_EMIT_LOC_STRINGS = YES;
				SWIFT_VERSION = 5.0;
				TARGETED_DEVICE_FAMILY = "1,2";
			};
			name = Debug;
		};
		5B7129D628CC46BC003303DD /* Release */ = {
			isa = XCBuildConfiguration;
			baseConfigurationReference = 61BAD22EFED5A029AD7C2122 /* Pods-WeatherApp.release.xcconfig */;
			buildSettings = {
				ASSETCATALOG_COMPILER_APPICON_NAME = AppIcon;
				ASSETCATALOG_COMPILER_GLOBAL_ACCENT_COLOR_NAME = AccentColor;
				CODE_SIGN_STYLE = Automatic;
				CURRENT_PROJECT_VERSION = 1;
				DEVELOPMENT_TEAM = 3QNK6Q944R;
				GENERATE_INFOPLIST_FILE = YES;
				INFOPLIST_FILE = WeatherApp/Info.plist;
				INFOPLIST_KEY_CFBundleDisplayName = Weather;
				INFOPLIST_KEY_NSLocationAlwaysAndWhenInUseUsageDescription = "We'll use this to fetch the weather information.";
				INFOPLIST_KEY_NSLocationAlwaysUsageDescription = "We'll use this to fetch the weather information.";
				INFOPLIST_KEY_NSLocationUsageDescription = "We'll use this to fetch the weather information.";
				INFOPLIST_KEY_NSLocationWhenInUseUsageDescription = "We'll use this to fetch the weather information.";
				INFOPLIST_KEY_UIApplicationSupportsIndirectInputEvents = YES;
				INFOPLIST_KEY_UILaunchStoryboardName = LaunchScreen;
				INFOPLIST_KEY_UIMainStoryboardFile = Main;
				INFOPLIST_KEY_UISupportedInterfaceOrientations_iPad = "UIInterfaceOrientationPortrait UIInterfaceOrientationPortraitUpsideDown UIInterfaceOrientationLandscapeLeft UIInterfaceOrientationLandscapeRight";
				INFOPLIST_KEY_UISupportedInterfaceOrientations_iPhone = "UIInterfaceOrientationPortrait UIInterfaceOrientationLandscapeLeft UIInterfaceOrientationLandscapeRight";
				IPHONEOS_DEPLOYMENT_TARGET = 13.0;
				LD_RUNPATH_SEARCH_PATHS = (
					"$(inherited)",
					"@executable_path/Frameworks",
				);
				MARKETING_VERSION = 1.0;
				PRODUCT_BUNDLE_IDENTIFIER = com.kingk2.WeatherApp;
				PRODUCT_NAME = "$(TARGET_NAME)";
				SWIFT_EMIT_LOC_STRINGS = YES;
				SWIFT_VERSION = 5.0;
				TARGETED_DEVICE_FAMILY = "1,2";
			};
			name = Release;
		};
/* End XCBuildConfiguration section */

/* Begin XCConfigurationList section */
		5B7129BB28CC46B9003303DD /* Build configuration list for PBXProject "WeatherApp" */ = {
			isa = XCConfigurationList;
			buildConfigurations = (
				5B7129D228CC46BC003303DD /* Debug */,
				5B7129D328CC46BC003303DD /* Release */,
			);
			defaultConfigurationIsVisible = 0;
			defaultConfigurationName = Release;
		};
		5B7129D428CC46BC003303DD /* Build configuration list for PBXNativeTarget "WeatherApp" */ = {
			isa = XCConfigurationList;
			buildConfigurations = (
				5B7129D528CC46BC003303DD /* Debug */,
				5B7129D628CC46BC003303DD /* Release */,
			);
			defaultConfigurationIsVisible = 0;
			defaultConfigurationName = Release;
		};
/* End XCConfigurationList section */
	};
	rootObject = 5B7129B828CC46B9003303DD /* Project object */;
}
